
Microsoft Visual Studio Solution File, Format Version 12.00
# Visual Studio Version 17
VisualStudioVersion = 17.10.34928.147
MinimumVisualStudioVersion = 10.0.40219.1
Project("{9A19103F-16F7-4668-BE54-9A1E7A4F7556}") = "RestaurantWebApi", "RestaurantWebApi\RestaurantWebApi.csproj", "{48A1DC87-9CE1-4D12-A545-2C81D2BDC5BA}"
EndProject
Project("{FAE04EC0-301F-11D3-BF4B-00C04F79EFBC}") = "RestaurantWebApiTest", "RestaurantWebApiTest\RestaurantWebApiTest.csproj", "{630C67C0-657E-4EE5-A8B8-4675C9584C88}"
EndProject
Global
	GlobalSection(SolutionConfigurationPlatforms) = preSolution
		Debug|Any CPU = Debug|Any CPU
		Release|Any CPU = Release|Any CPU
	EndGlobalSection
	GlobalSection(ProjectConfigurationPlatforms) = postSolution
		{48A1DC87-9CE1-4D12-A545-2C81D2BDC5BA}.Debug|Any CPU.ActiveCfg = Debug|Any CPU
		{48A1DC87-9CE1-4D12-A545-2C81D2BDC5BA}.Debug|Any CPU.Build.0 = Debug|Any CPU
		{48A1DC87-9CE1-4D12-A545-2C81D2BDC5BA}.Release|Any CPU.ActiveCfg = Release|Any CPU
		{48A1DC87-9CE1-4D12-A545-2C81D2BDC5BA}.Release|Any CPU.Build.0 = Release|Any CPU
		{630C67C0-657E-4EE5-A8B8-4675C9584C88}.Debug|Any CPU.ActiveCfg = Debug|Any CPU
		{630C67C0-657E-4EE5-A8B8-4675C9584C88}.Debug|Any CPU.Build.0 = Debug|Any CPU
		{630C67C0-657E-4EE5-A8B8-4675C9584C88}.Release|Any CPU.ActiveCfg = Release|Any CPU
		{630C67C0-657E-4EE5-A8B8-4675C9584C88}.Release|Any CPU.Build.0 = Release|Any CPU
	EndGlobalSection
	GlobalSection(SolutionProperties) = preSolution
		HideSolutionNode = FALSE
	EndGlobalSection
	GlobalSection(ExtensibilityGlobals) = postSolution
		SolutionGuid = {5BD63CD7-7F90-43BF-9E5C-19F40FAA997B}
	EndGlobalSection
EndGlobal
